
Microsoft Visual Studio Solution File, Format Version 12.00
# Visual Studio Version 17
VisualStudioVersion = 17.6.33829.357
MinimumVisualStudioVersion = 10.0.40219.1
Project("{FAE04EC0-301F-11D3-BF4B-00C04F79EFBC}") = "EvolucePokemonu", "EvolucePokemonu\EvolucePokemonu.csproj", "{7219A7D5-5421-4664-A3DC-6209182E0F22}"
EndProject
Global
	GlobalSection(SolutionConfigurationPlatforms) = preSolution
		Debug|Any CPU = Debug|Any CPU
		Release|Any CPU = Release|Any CPU
	EndGlobalSection
	GlobalSection(ProjectConfigurationPlatforms) = postSolution
		{7219A7D5-5421-4664-A3DC-6209182E0F22}.Debug|Any CPU.ActiveCfg = Debug|Any CPU
		{7219A7D5-5421-4664-A3DC-6209182E0F22}.Debug|Any CPU.Build.0 = Debug|Any CPU
		{7219A7D5-5421-4664-A3DC-6209182E0F22}.Release|Any CPU.ActiveCfg = Release|Any CPU
		{7219A7D5-5421-4664-A3DC-6209182E0F22}.Release|Any CPU.Build.0 = Release|Any CPU
	EndGlobalSection
	GlobalSection(SolutionProperties) = preSolution
		HideSolutionNode = FALSE
	EndGlobalSection
	GlobalSection(ExtensibilityGlobals) = postSolution
		SolutionGuid = {AF3E7DCC-7339-4E81-8A88-0ACC988B1180}
	EndGlobalSection
EndGlobal
